// !$*UTF8*$!
{
	archiveVersion = 1;
	classes = {
	};
	objectVersion = 46;
	objects = {

/* Begin PBXBuildFile section */
		2431152F1C0EBA9900FC1323 /* main.m in Sources */ = {isa = PBXBuildFile; fileRef = 2431152E1C0EBA9900FC1323 /* main.m */; };
		243115321C0EBA9900FC1323 /* AppDelegate.m in Sources */ = {isa = PBXBuildFile; fileRef = 243115311C0EBA9900FC1323 /* AppDelegate.m */; };
		243115351C0EBA9900FC1323 /* ViewController.m in Sources */ = {isa = PBXBuildFile; fileRef = 243115341C0EBA9900FC1323 /* ViewController.m */; };
		243115381C0EBA9900FC1323 /* Main.storyboard in Resources */ = {isa = PBXBuildFile; fileRef = 243115361C0EBA9900FC1323 /* Main.storyboard */; };
		2431153A1C0EBA9900FC1323 /* Assets.xcassets in Resources */ = {isa = PBXBuildFile; fileRef = 243115391C0EBA9900FC1323 /* Assets.xcassets */; };
		2431153D1C0EBA9900FC1323 /* LaunchScreen.storyboard in Resources */ = {isa = PBXBuildFile; fileRef = 2431153B1C0EBA9900FC1323 /* LaunchScreen.storyboard */; };
		243115481C0EBA9900FC1323 /* SZShimmerLabelTests.m in Sources */ = {isa = PBXBuildFile; fileRef = 243115471C0EBA9900FC1323 /* SZShimmerLabelTests.m */; };
		243115531C0EBA9900FC1323 /* SZShimmerLabelUITests.m in Sources */ = {isa = PBXBuildFile; fileRef = 243115521C0EBA9900FC1323 /* SZShimmerLabelUITests.m */; };
		243115621C0EBDE200FC1323 /* SZShimmerLabel.m in Sources */ = {isa = PBXBuildFile; fileRef = 243115611C0EBDE200FC1323 /* SZShimmerLabel.m */; };
/* End PBXBuildFile section */

/* Begin PBXContainerItemProxy section */
		243115441C0EBA9900FC1323 /* PBXContainerItemProxy */ = {
			isa = PBXContainerItemProxy;
			containerPortal = 243115221C0EBA9900FC1323 /* Project object */;
			proxyType = 1;
			remoteGlobalIDString = 243115291C0EBA9900FC1323;
			remoteInfo = SZShimmerLabel;
		};
		2431154F1C0EBA9900FC1323 /* PBXContainerItemProxy */ = {
			isa = PBXContainerItemProxy;
			containerPortal = 243115221C0EBA9900FC1323 /* Project object */;
			proxyType = 1;
			remoteGlobalIDString = 243115291C0EBA9900FC1323;
			remoteInfo = SZShimmerLabel;
		};
/* End PBXContainerItemProxy section */

/* Begin PBXFileReference section */
		2431152A1C0EBA9900FC1323 /* SZShimmerLabel.app */ = {isa = PBXFileReference; explicitFileType = wrapper.application; includeInIndex = 0; path = SZShimmerLabel.app; sourceTree = BUILT_PRODUCTS_DIR; };
		2431152E1C0EBA9900FC1323 /* main.m */ = {isa = PBXFileReference; lastKnownFileType = sourcecode.c.objc; path = main.m; sourceTree = "<group>"; };
		243115301C0EBA9900FC1323 /* AppDelegate.h */ = {isa = PBXFileReference; lastKnownFileType = sourcecode.c.h; path = AppDelegate.h; sourceTree = "<group>"; };
		243115311C0EBA9900FC1323 /* AppDelegate.m */ = {isa = PBXFileReference; lastKnownFileType = sourcecode.c.objc; path = AppDelegate.m; sourceTree = "<group>"; };
		243115331C0EBA9900FC1323 /* ViewController.h */ = {isa = PBXFileReference; lastKnownFileType = sourcecode.c.h; path = ViewController.h; sourceTree = "<group>"; };
		243115341C0EBA9900FC1323 /* ViewController.m */ = {isa = PBXFileReference; lastKnownFileType = sourcecode.c.objc; path = ViewController.m; sourceTree = "<group>"; };
		243115371C0EBA9900FC1323 /* Base */ = {isa = PBXFileReference; lastKnownFileType = file.storyboard; name = Base; path = Base.lproj/Main.storyboard; sourceTree = "<group>"; };
		243115391C0EBA9900FC1323 /* Assets.xcassets */ = {isa = PBXFileReference; lastKnownFileType = folder.assetcatalog; path = Assets.xcassets; sourceTree = "<group>"; };
		2431153C1C0EBA9900FC1323 /* Base */ = {isa = PBXFileReference; lastKnownFileType = file.storyboard; name = Base; path = Base.lproj/LaunchScreen.storyboard; sourceTree = "<group>"; };
		2431153E1C0EBA9900FC1323 /* Info.plist */ = {isa = PBXFileReference; lastKnownFileType = text.plist.xml; path = Info.plist; sourceTree = "<group>"; };
		243115431C0EBA9900FC1323 /* SZShimmerLabelTests.xctest */ = {isa = PBXFileReference; explicitFileType = wrapper.cfbundle; includeInIndex = 0; path = SZShimmerLabelTests.xctest; sourceTree = BUILT_PRODUCTS_DIR; };
		243115471C0EBA9900FC1323 /* SZShimmerLabelTests.m */ = {isa = PBXFileReference; lastKnownFileType = sourcecode.c.objc; path = SZShimmerLabelTests.m; sourceTree = "<group>"; };
		243115491C0EBA9900FC1323 /* Info.plist */ = {isa = PBXFileReference; lastKnownFileType = text.plist.xml; path = Info.plist; sourceTree = "<group>"; };
		2431154E1C0EBA9900FC1323 /* SZShimmerLabelUITests.xctest */ = {isa = PBXFileReference; explicitFileType = wrapper.cfbundle; includeInIndex = 0; path = SZShimmerLabelUITests.xctest; sourceTree = BUILT_PRODUCTS_DIR; };
		243115521C0EBA9900FC1323 /* SZShimmerLabelUITests.m */ = {isa = PBXFileReference; lastKnownFileType = sourcecode.c.objc; path = SZShimmerLabelUITests.m; sourceTree = "<group>"; };
		243115541C0EBA9900FC1323 /* Info.plist */ = {isa = PBXFileReference; lastKnownFileType = text.plist.xml; path = Info.plist; sourceTree = "<group>"; };
		243115601C0EBDE200FC1323 /* SZShimmerLabel.h */ = {isa = PBXFileReference; fileEncoding = 4; lastKnownFileType = sourcecode.c.h; path = SZShimmerLabel.h; sourceTree = "<group>"; };
		243115611C0EBDE200FC1323 /* SZShimmerLabel.m */ = {isa = PBXFileReference; fileEncoding = 4; lastKnownFileType = sourcecode.c.objc; path = SZShimmerLabel.m; sourceTree = "<group>"; };
/* End PBXFileReference section */

/* Begin PBXFrameworksBuildPhase section */
		243115271C0EBA9900FC1323 /* Frameworks */ = {
			isa = PBXFrameworksBuildPhase;
			buildActionMask = 2147483647;
			files = (
			);
			runOnlyForDeploymentPostprocessing = 0;
		};
		243115401C0EBA9900FC1323 /* Frameworks */ = {
			isa = PBXFrameworksBuildPhase;
			buildActionMask = 2147483647;
			files = (
			);
			runOnlyForDeploymentPostprocessing = 0;
		};
		2431154B1C0EBA9900FC1323 /* Frameworks */ = {
			isa = PBXFrameworksBuildPhase;
			buildActionMask = 2147483647;
			files = (
			);
			runOnlyForDeploymentPostprocessing = 0;
		};
/* End PBXFrameworksBuildPhase section */

/* Begin PBXGroup section */
		243115211C0EBA9900FC1323 = {
			isa = PBXGroup;
			children = (
				2431152C1C0EBA9900FC1323 /* SZShimmerLabel */,
				243115461C0EBA9900FC1323 /* SZShimmerLabelTests */,
				243115511C0EBA9900FC1323 /* SZShimmerLabelUITests */,
				2431152B1C0EBA9900FC1323 /* Products */,
			);
			sourceTree = "<group>";
		};
		2431152B1C0EBA9900FC1323 /* Products */ = {
			isa = PBXGroup;
			children = (
				2431152A1C0EBA9900FC1323 /* SZShimmerLabel.app */,
				243115431C0EBA9900FC1323 /* SZShimmerLabelTests.xctest */,
				2431154E1C0EBA9900FC1323 /* SZShimmerLabelUITests.xctest */,
			);
			name = Products;
			sourceTree = "<group>";
		};
		2431152C1C0EBA9900FC1323 /* SZShimmerLabel */ = {
			isa = PBXGroup;
			children = (
				243115301C0EBA9900FC1323 /* AppDelegate.h */,
				243115311C0EBA9900FC1323 /* AppDelegate.m */,
				243115331C0EBA9900FC1323 /* ViewController.h */,
				243115341C0EBA9900FC1323 /* ViewController.m */,
				243115601C0EBDE200FC1323 /* SZShimmerLabel.h */,
				243115611C0EBDE200FC1323 /* SZShimmerLabel.m */,
				243115361C0EBA9900FC1323 /* Main.storyboard */,
				243115391C0EBA9900FC1323 /* Assets.xcassets */,
				2431153B1C0EBA9900FC1323 /* LaunchScreen.storyboard */,
				2431153E1C0EBA9900FC1323 /* Info.plist */,
				2431152D1C0EBA9900FC1323 /* Supporting Files */,
			);
			path = SZShimmerLabel;
			sourceTree = "<group>";
		};
		2431152D1C0EBA9900FC1323 /* Supporting Files */ = {
			isa = PBXGroup;
			children = (
				2431152E1C0EBA9900FC1323 /* main.m */,
			);
			name = "Supporting Files";
			sourceTree = "<group>";
		};
		243115461C0EBA9900FC1323 /* SZShimmerLabelTests */ = {
			isa = PBXGroup;
			children = (
				243115471C0EBA9900FC1323 /* SZShimmerLabelTests.m */,
				243115491C0EBA9900FC1323 /* Info.plist */,
			);
			path = SZShimmerLabelTests;
			sourceTree = "<group>";
		};
		243115511C0EBA9900FC1323 /* SZShimmerLabelUITests */ = {
			isa = PBXGroup;
			children = (
				243115521C0EBA9900FC1323 /* SZShimmerLabelUITests.m */,
				243115541C0EBA9900FC1323 /* Info.plist */,
			);
			path = SZShimmerLabelUITests;
			sourceTree = "<group>";
		};
/* End PBXGroup section */

/* Begin PBXNativeTarget section */
		243115291C0EBA9900FC1323 /* SZShimmerLabel */ = {
			isa = PBXNativeTarget;
			buildConfigurationList = 243115571C0EBA9900FC1323 /* Build configuration list for PBXNativeTarget "SZShimmerLabel" */;
			buildPhases = (
				243115261C0EBA9900FC1323 /* Sources */,
				243115271C0EBA9900FC1323 /* Frameworks */,
				243115281C0EBA9900FC1323 /* Resources */,
			);
			buildRules = (
			);
			dependencies = (
			);
			name = SZShimmerLabel;
			productName = SZShimmerLabel;
			productReference = 2431152A1C0EBA9900FC1323 /* SZShimmerLabel.app */;
			productType = "com.apple.product-type.application";
		};
		243115421C0EBA9900FC1323 /* SZShimmerLabelTests */ = {
			isa = PBXNativeTarget;
			buildConfigurationList = 2431155A1C0EBA9900FC1323 /* Build configuration list for PBXNativeTarget "SZShimmerLabelTests" */;
			buildPhases = (
				2431153F1C0EBA9900FC1323 /* Sources */,
				243115401C0EBA9900FC1323 /* Frameworks */,
				243115411C0EBA9900FC1323 /* Resources */,
			);
			buildRules = (
			);
			dependencies = (
				243115451C0EBA9900FC1323 /* PBXTargetDependency */,
			);
			name = SZShimmerLabelTests;
			productName = SZShimmerLabelTests;
			productReference = 243115431C0EBA9900FC1323 /* SZShimmerLabelTests.xctest */;
			productType = "com.apple.product-type.bundle.unit-test";
		};
		2431154D1C0EBA9900FC1323 /* SZShimmerLabelUITests */ = {
			isa = PBXNativeTarget;
			buildConfigurationList = 2431155D1C0EBA9900FC1323 /* Build configuration list for PBXNativeTarget "SZShimmerLabelUITests" */;
			buildPhases = (
				2431154A1C0EBA9900FC1323 /* Sources */,
				2431154B1C0EBA9900FC1323 /* Frameworks */,
				2431154C1C0EBA9900FC1323 /* Resources */,
			);
			buildRules = (
			);
			dependencies = (
				243115501C0EBA9900FC1323 /* PBXTargetDependency */,
			);
			name = SZShimmerLabelUITests;
			productName = SZShimmerLabelUITests;
			productReference = 2431154E1C0EBA9900FC1323 /* SZShimmerLabelUITests.xctest */;
			productType = "com.apple.product-type.bundle.ui-testing";
		};
/* End PBXNativeTarget section */

/* Begin PBXProject section */
		243115221C0EBA9900FC1323 /* Project object */ = {
			isa = PBXProject;
			attributes = {
				LastUpgradeCheck = 0710;
				ORGANIZATIONNAME = shengzhichen;
				TargetAttributes = {
					243115291C0EBA9900FC1323 = {
						CreatedOnToolsVersion = 7.1.1;
					};
					243115421C0EBA9900FC1323 = {
						CreatedOnToolsVersion = 7.1.1;
						TestTargetID = 243115291C0EBA9900FC1323;
					};
					2431154D1C0EBA9900FC1323 = {
						CreatedOnToolsVersion = 7.1.1;
						TestTargetID = 243115291C0EBA9900FC1323;
					};
				};
			};
			buildConfigurationList = 243115251C0EBA9900FC1323 /* Build configuration list for PBXProject "SZShimmerLabel" */;
			compatibilityVersion = "Xcode 3.2";
			developmentRegion = English;
			hasScannedForEncodings = 0;
			knownRegions = (
				en,
				Base,
			);
			mainGroup = 243115211C0EBA9900FC1323;
			productRefGroup = 2431152B1C0EBA9900FC1323 /* Products */;
			projectDirPath = "";
			projectRoot = "";
			targets = (
				243115291C0EBA9900FC1323 /* SZShimmerLabel */,
				243115421C0EBA9900FC1323 /* SZShimmerLabelTests */,
				2431154D1C0EBA9900FC1323 /* SZShimmerLabelUITests */,
			);
		};
/* End PBXProject section */

/* Begin PBXResourcesBuildPhase section */
		243115281C0EBA9900FC1323 /* Resources */ = {
			isa = PBXResourcesBuildPhase;
			buildActionMask = 2147483647;
			files = (
				2431153D1C0EBA9900FC1323 /* LaunchScreen.storyboard in Resources */,
				2431153A1C0EBA9900FC1323 /* Assets.xcassets in Resources */,
				243115381C0EBA9900FC1323 /* Main.storyboard in Resources */,
			);
			runOnlyForDeploymentPostprocessing = 0;
		};
		243115411C0EBA9900FC1323 /* Resources */ = {
			isa = PBXResourcesBuildPhase;
			buildActionMask = 2147483647;
			files = (
			);
			runOnlyForDeploymentPostprocessing = 0;
		};
		2431154C1C0EBA9900FC1323 /* Resources */ = {
			isa = PBXResourcesBuildPhase;
			buildActionMask = 2147483647;
			files = (
			);
			runOnlyForDeploymentPostprocessing = 0;
		};
/* End PBXResourcesBuildPhase section */

/* Begin PBXSourcesBuildPhase section */
		243115261C0EBA9900FC1323 /* Sources */ = {
			isa = PBXSourcesBuildPhase;
			buildActionMask = 2147483647;
			files = (
				243115351C0EBA9900FC1323 /* ViewController.m in Sources */,
				243115621C0EBDE200FC1323 /* SZShimmerLabel.m in Sources */,
				243115321C0EBA9900FC1323 /* AppDelegate.m in Sources */,
				2431152F1C0EBA9900FC1323 /* main.m in Sources */,
			);
			runOnlyForDeploymentPostprocessing = 0;
		};
		2431153F1C0EBA9900FC1323 /* Sources */ = {
			isa = PBXSourcesBuildPhase;
			buildActionMask = 2147483647;
			files = (
				243115481C0EBA9900FC1323 /* SZShimmerLabelTests.m in Sources */,
			);
			runOnlyForDeploymentPostprocessing = 0;
		};
		2431154A1C0EBA9900FC1323 /* Sources */ = {
			isa = PBXSourcesBuildPhase;
			buildActionMask = 2147483647;
			files = (
				243115531C0EBA9900FC1323 /* SZShimmerLabelUITests.m in Sources */,
			);
			runOnlyForDeploymentPostprocessing = 0;
		};
/* End PBXSourcesBuildPhase section */

/* Begin PBXTargetDependency section */
		243115451C0EBA9900FC1323 /* PBXTargetDependency */ = {
			isa = PBXTargetDependency;
			target = 243115291C0EBA9900FC1323 /* SZShimmerLabel */;
			targetProxy = 243115441C0EBA9900FC1323 /* PBXContainerItemProxy */;
		};
		243115501C0EBA9900FC1323 /* PBXTargetDependency */ = {
			isa = PBXTargetDependency;
			target = 243115291C0EBA9900FC1323 /* SZShimmerLabel */;
			targetProxy = 2431154F1C0EBA9900FC1323 /* PBXContainerItemProxy */;
		};
/* End PBXTargetDependency section */

/* Begin PBXVariantGroup section */
		243115361C0EBA9900FC1323 /* Main.storyboard */ = {
			isa = PBXVariantGroup;
			children = (
				243115371C0EBA9900FC1323 /* Base */,
			);
			name = Main.storyboard;
			sourceTree = "<group>";
		};
		2431153B1C0EBA9900FC1323 /* LaunchScreen.storyboard */ = {
			isa = PBXVariantGroup;
			children = (
				2431153C1C0EBA9900FC1323 /* Base */,
			);
			name = LaunchScreen.storyboard;
			sourceTree = "<group>";
		};
/* End PBXVariantGroup section */

/* Begin XCBuildConfiguration section */
		243115551C0EBA9900FC1323 /* Debug */ = {
			isa = XCBuildConfiguration;
			buildSettings = {
				ALWAYS_SEARCH_USER_PATHS = NO;
				CLANG_CXX_LANGUAGE_STANDARD = "gnu++0x";
				CLANG_CXX_LIBRARY = "libc++";
				CLANG_ENABLE_MODULES = YES;
				CLANG_ENABLE_OBJC_ARC = YES;
				CLANG_WARN_BOOL_CONVERSION = YES;
				CLANG_WARN_CONSTANT_CONVERSION = YES;
				CLANG_WARN_DIRECT_OBJC_ISA_USAGE = YES_ERROR;
				CLANG_WARN_EMPTY_BODY = YES;
				CLANG_WARN_ENUM_CONVERSION = YES;
				CLANG_WARN_INT_CONVERSION = YES;
				CLANG_WARN_OBJC_ROOT_CLASS = YES_ERROR;
				CLANG_WARN_UNREACHABLE_CODE = YES;
				CLANG_WARN__DUPLICATE_METHOD_MATCH = YES;
				"CODE_SIGN_IDENTITY[sdk=iphoneos*]" = "iPhone Developer";
				COPY_PHASE_STRIP = NO;
				DEBUG_INFORMATION_FORMAT = dwarf;
				ENABLE_STRICT_OBJC_MSGSEND = YES;
				ENABLE_TESTABILITY = YES;
				GCC_C_LANGUAGE_STANDARD = gnu99;
				GCC_DYNAMIC_NO_PIC = NO;
				GCC_NO_COMMON_BLOCKS = YES;
				GCC_OPTIMIZATION_LEVEL = 0;
				GCC_PREPROCESSOR_DEFINITIONS = (
					"DEBUG=1",
					"$(inherited)",
				);
				GCC_WARN_64_TO_32_BIT_CONVERSION = YES;
				GCC_WARN_ABOUT_RETURN_TYPE = YES_ERROR;
				GCC_WARN_UNDECLARED_SELECTOR = YES;
				GCC_WARN_UNINITIALIZED_AUTOS = YES_AGGRESSIVE;
				GCC_WARN_UNUSED_FUNCTION = YES;
				GCC_WARN_UNUSED_VARIABLE = YES;
				IPHONEOS_DEPLOYMENT_TARGET = 7.0;
				MTL_ENABLE_DEBUG_INFO = YES;
				ONLY_ACTIVE_ARCH = YES;
				SDKROOT = iphoneos;
			};
			name = Debug;
		};
		243115561C0EBA9900FC1323 /* Release */ = {
			isa = XCBuildConfiguration;
			buildSettings = {
				ALWAYS_SEARCH_USER_PATHS = NO;
				CLANG_CXX_LANGUAGE_STANDARD = "gnu++0x";
				CLANG_CXX_LIBRARY = "libc++";
				CLANG_ENABLE_MODULES = YES;
				CLANG_ENABLE_OBJC_ARC = YES;
				CLANG_WARN_BOOL_CONVERSION = YES;
				CLANG_WARN_CONSTANT_CONVERSION = YES;
				CLANG_WARN_DIRECT_OBJC_ISA_USAGE = YES_ERROR;
				CLANG_WARN_EMPTY_BODY = YES;
				CLANG_WARN_ENUM_CONVERSION = YES;
				CLANG_WARN_INT_CONVERSION = YES;
				CLANG_WARN_OBJC_ROOT_CLASS = YES_ERROR;
				CLANG_WARN_UNREACHABLE_CODE = YES;
				CLANG_WARN__DUPLICATE_METHOD_MATCH = YES;
				"CODE_SIGN_IDENTITY[sdk=iphoneos*]" = "iPhone Developer";
				COPY_PHASE_STRIP = NO;
				DEBUG_INFORMATION_FORMAT = "dwarf-with-dsym";
				ENABLE_NS_ASSERTIONS = NO;
				ENABLE_STRICT_OBJC_MSGSEND = YES;
				GCC_C_LANGUAGE_STANDARD = gnu99;
				GCC_NO_COMMON_BLOCKS = YES;
				GCC_WARN_64_TO_32_BIT_CONVERSION = YES;
				GCC_WARN_ABOUT_RETURN_TYPE = YES_ERROR;
				GCC_WARN_UNDECLARED_SELECTOR = YES;
				GCC_WARN_UNINITIALIZED_AUTOS = YES_AGGRESSIVE;
				GCC_WARN_UNUSED_FUNCTION = YES;
				GCC_WARN_UNUSED_VARIABLE = YES;
				IPHONEOS_DEPLOYMENT_TARGET = 7.0;
				MTL_ENABLE_DEBUG_INFO = NO;
				SDKROOT = iphoneos;
				VALIDATE_PRODUCT = YES;
			};
			name = Release;
		};
		243115581C0EBA9900FC1323 /* Debug */ = {
			isa = XCBuildConfiguration;
			buildSettings = {
				ASSETCATALOG_COMPILER_APPICON_NAME = AppIcon;
				INFOPLIST_FILE = SZShimmerLabel/Info.plist;
				LD_RUNPATH_SEARCH_PATHS = "$(inherited) @executable_path/Frameworks";
				PRODUCT_BUNDLE_IDENTIFIER = com.shengzhichen.SZShimmerLabel;
				PRODUCT_NAME = "$(TARGET_NAME)";
			};
			name = Debug;
		};
		243115591C0EBA9900FC1323 /* Release */ = {
			isa = XCBuildConfiguration;
			buildSettings = {
				ASSETCATALOG_COMPILER_APPICON_NAME = AppIcon;
				INFOPLIST_FILE = SZShimmerLabel/Info.plist;
				LD_RUNPATH_SEARCH_PATHS = "$(inherited) @executable_path/Frameworks";
				PRODUCT_BUNDLE_IDENTIFIER = com.shengzhichen.SZShimmerLabel;
				PRODUCT_NAME = "$(TARGET_NAME)";
			};
			name = Release;
		};
		2431155B1C0EBA9900FC1323 /* Debug */ = {
			isa = XCBuildConfiguration;
			buildSettings = {
				BUNDLE_LOADER = "$(TEST_HOST)";
				INFOPLIST_FILE = SZShimmerLabelTests/Info.plist;
				LD_RUNPATH_SEARCH_PATHS = "$(inherited) @executable_path/Frameworks @loader_path/Frameworks";
				PRODUCT_BUNDLE_IDENTIFIER = com.shengzhichen.SZShimmerLabelTests;
				PRODUCT_NAME = "$(TARGET_NAME)";
				TEST_HOST = "$(BUILT_PRODUCTS_DIR)/SZShimmerLabel.app/SZShimmerLabel";
			};
			name = Debug;
		};
		2431155C1C0EBA9900FC1323 /* Release */ = {
			isa = XCBuildConfiguration;
			buildSettings = {
				BUNDLE_LOADER = "$(TEST_HOST)";
				INFOPLIST_FILE = SZShimmerLabelTests/Info.plist;
				LD_RUNPATH_SEARCH_PATHS = "$(inherited) @executable_path/Frameworks @loader_path/Frameworks";
				PRODUCT_BUNDLE_IDENTIFIER = com.shengzhichen.SZShimmerLabelTests;
				PRODUCT_NAME = "$(TARGET_NAME)";
				TEST_HOST = "$(BUILT_PRODUCTS_DIR)/SZShimmerLabel.app/SZShimmerLabel";
			};
			name = Release;
		};
		2431155E1C0EBA9900FC1323 /* Debug */ = {
			isa = XCBuildConfiguration;
			buildSettings = {
				INFOPLIST_FILE = SZShimmerLabelUITests/Info.plist;
				LD_RUNPATH_SEARCH_PATHS = "$(inherited) @executable_path/Frameworks @loader_path/Frameworks";
				PRODUCT_BUNDLE_IDENTIFIER = com.shengzhichen.SZShimmerLabelUITests;
				PRODUCT_NAME = "$(TARGET_NAME)";
				TEST_TARGET_NAME = SZShimmerLabel;
				USES_XCTRUNNER = YES;
			};
			name = Debug;
		};
		2431155F1C0EBA9900FC1323 /* Release */ = {
			isa = XCBuildConfiguration;
			buildSettings = {
				INFOPLIST_FILE = SZShimmerLabelUITests/Info.plist;
				LD_RUNPATH_SEARCH_PATHS = "$(inherited) @executable_path/Frameworks @loader_path/Frameworks";
				PRODUCT_BUNDLE_IDENTIFIER = com.shengzhichen.SZShimmerLabelUITests;
				PRODUCT_NAME = "$(TARGET_NAME)";
				TEST_TARGET_NAME = SZShimmerLabel;
				USES_XCTRUNNER = YES;
			};
			name = Release;
		};
/* End XCBuildConfiguration section */

/* Begin XCConfigurationList section */
		243115251C0EBA9900FC1323 /* Build configuration list for PBXProject "SZShimmerLabel" */ = {
			isa = XCConfigurationList;
			buildConfigurations = (
				243115551C0EBA9900FC1323 /* Debug */,
				243115561C0EBA9900FC1323 /* Release */,
			);
			defaultConfigurationIsVisible = 0;
			defaultConfigurationName = Release;
		};
		243115571C0EBA9900FC1323 /* Build configuration list for PBXNativeTarget "SZShimmerLabel" */ = {
			isa = XCConfigurationList;
			buildConfigurations = (
				243115581C0EBA9900FC1323 /* Debug */,
				243115591C0EBA9900FC1323 /* Release */,
			);
			defaultConfigurationIsVisible = 0;
		};
		2431155A1C0EBA9900FC1323 /* Build configuration list for PBXNativeTarget "SZShimmerLabelTests" */ = {
			isa = XCConfigurationList;
			buildConfigurations = (
				2431155B1C0EBA9900FC1323 /* Debug */,
				2431155C1C0EBA9900FC1323 /* Release */,
			);
			defaultConfigurationIsVisible = 0;
		};
		2431155D1C0EBA9900FC1323 /* Build configuration list for PBXNativeTarget "SZShimmerLabelUITests" */ = {
			isa = XCConfigurationList;
			buildConfigurations = (
				2431155E1C0EBA9900FC1323 /* Debug */,
				2431155F1C0EBA9900FC1323 /* Release */,
			);
			defaultConfigurationIsVisible = 0;
		};
/* End XCConfigurationList section */
	};
	rootObject = 243115221C0EBA9900FC1323 /* Project object */;
}
